// !$*UTF8*$!
{
	archiveVersion = 1;
	classes = {
	};
	objectVersion = 56;
	objects = {

/* Begin PBXBuildFile section */
		A1FFE61A29BA1B2D008C1140 /* AppDelegate.swift in Sources */ = {isa = PBXBuildFile; fileRef = A1FFE61929BA1B2D008C1140 /* AppDelegate.swift */; };
		A1FFE61C29BA1B2D008C1140 /* SceneDelegate.swift in Sources */ = {isa = PBXBuildFile; fileRef = A1FFE61B29BA1B2D008C1140 /* SceneDelegate.swift */; };
		A1FFE61E29BA1B2D008C1140 /* ViewController.swift in Sources */ = {isa = PBXBuildFile; fileRef = A1FFE61D29BA1B2D008C1140 /* ViewController.swift */; };
		A1FFE62129BA1B2D008C1140 /* Main.storyboard in Resources */ = {isa = PBXBuildFile; fileRef = A1FFE61F29BA1B2D008C1140 /* Main.storyboard */; };
		A1FFE62429BA1B2D008C1140 /* listeleme_uygulamas_.xcdatamodeld in Sources */ = {isa = PBXBuildFile; fileRef = A1FFE62229BA1B2D008C1140 /* listeleme_uygulamas_.xcdatamodeld */; };
		A1FFE62629BA1B2E008C1140 /* Assets.xcassets in Resources */ = {isa = PBXBuildFile; fileRef = A1FFE62529BA1B2E008C1140 /* Assets.xcassets */; };
		A1FFE62929BA1B2E008C1140 /* LaunchScreen.storyboard in Resources */ = {isa = PBXBuildFile; fileRef = A1FFE62729BA1B2E008C1140 /* LaunchScreen.storyboard */; };
/* End PBXBuildFile section */

/* Begin PBXFileReference section */
		A1FFE61629BA1B2D008C1140 /* listeleme uygulaması.app */ = {isa = PBXFileReference; explicitFileType = wrapper.application; includeInIndex = 0; path = "listeleme uygulaması.app"; sourceTree = BUILT_PRODUCTS_DIR; };
		A1FFE61929BA1B2D008C1140 /* AppDelegate.swift */ = {isa = PBXFileReference; lastKnownFileType = sourcecode.swift; path = AppDelegate.swift; sourceTree = "<group>"; };
		A1FFE61B29BA1B2D008C1140 /* SceneDelegate.swift */ = {isa = PBXFileReference; lastKnownFileType = sourcecode.swift; path = SceneDelegate.swift; sourceTree = "<group>"; };
		A1FFE61D29BA1B2D008C1140 /* ViewController.swift */ = {isa = PBXFileReference; lastKnownFileType = sourcecode.swift; path = ViewController.swift; sourceTree = "<group>"; };
		A1FFE62029BA1B2D008C1140 /* Base */ = {isa = PBXFileReference; lastKnownFileType = file.storyboard; name = Base; path = Base.lproj/Main.storyboard; sourceTree = "<group>"; };
		A1FFE62329BA1B2D008C1140 /* listeleme_uygulamas_.xcdatamodel */ = {isa = PBXFileReference; lastKnownFileType = wrapper.xcdatamodel; path = listeleme_uygulamas_.xcdatamodel; sourceTree = "<group>"; };
		A1FFE62529BA1B2E008C1140 /* Assets.xcassets */ = {isa = PBXFileReference; lastKnownFileType = folder.assetcatalog; path = Assets.xcassets; sourceTree = "<group>"; };
		A1FFE62829BA1B2E008C1140 /* Base */ = {isa = PBXFileReference; lastKnownFileType = file.storyboard; name = Base; path = Base.lproj/LaunchScreen.storyboard; sourceTree = "<group>"; };
		A1FFE62A29BA1B2E008C1140 /* Info.plist */ = {isa = PBXFileReference; lastKnownFileType = text.plist.xml; path = Info.plist; sourceTree = "<group>"; };
/* End PBXFileReference section */

/* Begin PBXFrameworksBuildPhase section */
		A1FFE61329BA1B2D008C1140 /* Frameworks */ = {
			isa = PBXFrameworksBuildPhase;
			buildActionMask = 2147483647;
			files = (
			);
			runOnlyForDeploymentPostprocessing = 0;
		};
/* End PBXFrameworksBuildPhase section */

/* Begin PBXGroup section */
		A1FFE60D29BA1B2D008C1140 = {
			isa = PBXGroup;
			children = (
				A1FFE61829BA1B2D008C1140 /* listeleme uygulaması */,
				A1FFE61729BA1B2D008C1140 /* Products */,
			);
			sourceTree = "<group>";
		};
		A1FFE61729BA1B2D008C1140 /* Products */ = {
			isa = PBXGroup;
			children = (
				A1FFE61629BA1B2D008C1140 /* listeleme uygulaması.app */,
			);
			name = Products;
			sourceTree = "<group>";
		};
		A1FFE61829BA1B2D008C1140 /* listeleme uygulaması */ = {
			isa = PBXGroup;
			children = (
				A1FFE61929BA1B2D008C1140 /* AppDelegate.swift */,
				A1FFE61B29BA1B2D008C1140 /* SceneDelegate.swift */,
				A1FFE61D29BA1B2D008C1140 /* ViewController.swift */,
				A1FFE61F29BA1B2D008C1140 /* Main.storyboard */,
				A1FFE62529BA1B2E008C1140 /* Assets.xcassets */,
				A1FFE62729BA1B2E008C1140 /* LaunchScreen.storyboard */,
				A1FFE62A29BA1B2E008C1140 /* Info.plist */,
				A1FFE62229BA1B2D008C1140 /* listeleme_uygulamas_.xcdatamodeld */,
			);
			path = "listeleme uygulaması";
			sourceTree = "<group>";
		};
/* End PBXGroup section */

/* Begin PBXNativeTarget section */
		A1FFE61529BA1B2D008C1140 /* listeleme uygulaması */ = {
			isa = PBXNativeTarget;
			buildConfigurationList = A1FFE62D29BA1B2E008C1140 /* Build configuration list for PBXNativeTarget "listeleme uygulaması" */;
			buildPhases = (
				A1FFE61229BA1B2D008C1140 /* Sources */,
				A1FFE61329BA1B2D008C1140 /* Frameworks */,
				A1FFE61429BA1B2D008C1140 /* Resources */,
			);
			buildRules = (
			);
			dependencies = (
			);
			name = "listeleme uygulaması";
			productName = "listeleme uygulaması";
			productReference = A1FFE61629BA1B2D008C1140 /* listeleme uygulaması.app */;
			productType = "com.apple.product-type.application";
		};
/* End PBXNativeTarget section */

/* Begin PBXProject section */
		A1FFE60E29BA1B2D008C1140 /* Project object */ = {
			isa = PBXProject;
			attributes = {
				BuildIndependentTargetsInParallel = 1;
				LastSwiftUpdateCheck = 1420;
				LastUpgradeCheck = 1420;
				TargetAttributes = {
					A1FFE61529BA1B2D008C1140 = {
						CreatedOnToolsVersion = 14.2;
					};
				};
			};
			buildConfigurationList = A1FFE61129BA1B2D008C1140 /* Build configuration list for PBXProject "listeleme uygulaması" */;
			compatibilityVersion = "Xcode 14.0";
			developmentRegion = en;
			hasScannedForEncodings = 0;
			knownRegions = (
				en,
				Base,
			);
			mainGroup = A1FFE60D29BA1B2D008C1140;
			productRefGroup = A1FFE61729BA1B2D008C1140 /* Products */;
			projectDirPath = "";
			projectRoot = "";
			targets = (
				A1FFE61529BA1B2D008C1140 /* listeleme uygulaması */,
			);
		};
/* End PBXProject section */

/* Begin PBXResourcesBuildPhase section */
		A1FFE61429BA1B2D008C1140 /* Resources */ = {
			isa = PBXResourcesBuildPhase;
			buildActionMask = 2147483647;
			files = (
				A1FFE62929BA1B2E008C1140 /* LaunchScreen.storyboard in Resources */,
				A1FFE62629BA1B2E008C1140 /* Assets.xcassets in Resources */,
				A1FFE62129BA1B2D008C1140 /* Main.storyboard in Resources */,
			);
			runOnlyForDeploymentPostprocessing = 0;
		};
/* End PBXResourcesBuildPhase section */

/* Begin PBXSourcesBuildPhase section */
		A1FFE61229BA1B2D008C1140 /* Sources */ = {
			isa = PBXSourcesBuildPhase;
			buildActionMask = 2147483647;
			files = (
				A1FFE61E29BA1B2D008C1140 /* ViewController.swift in Sources */,
				A1FFE62429BA1B2D008C1140 /* listeleme_uygulamas_.xcdatamodeld in Sources */,
				A1FFE61A29BA1B2D008C1140 /* AppDelegate.swift in Sources */,
				A1FFE61C29BA1B2D008C1140 /* SceneDelegate.swift in Sources */,
			);
			runOnlyForDeploymentPostprocessing = 0;
		};
/* End PBXSourcesBuildPhase section */

/* Begin PBXVariantGroup section */
		A1FFE61F29BA1B2D008C1140 /* Main.storyboard */ = {
			isa = PBXVariantGroup;
			children = (
				A1FFE62029BA1B2D008C1140 /* Base */,
			);
			name = Main.storyboard;
			sourceTree = "<group>";
		};
		A1FFE62729BA1B2E008C1140 /* LaunchScreen.storyboard */ = {
			isa = PBXVariantGroup;
			children = (
				A1FFE62829BA1B2E008C1140 /* Base */,
			);
			name = LaunchScreen.storyboard;
			sourceTree = "<group>";
		};
/* End PBXVariantGroup section */

/* Begin XCBuildConfiguration section */
		A1FFE62B29BA1B2E008C1140 /* Debug */ = {
			isa = XCBuildConfiguration;
			buildSettings = {
				ALWAYS_SEARCH_USER_PATHS = NO;
				CLANG_ANALYZER_NONNULL = YES;
				CLANG_ANALYZER_NUMBER_OBJECT_CONVERSION = YES_AGGRESSIVE;
				CLANG_CXX_LANGUAGE_STANDARD = "gnu++20";
				CLANG_ENABLE_MODULES = YES;
				CLANG_ENABLE_OBJC_ARC = YES;
				CLANG_ENABLE_OBJC_WEAK = YES;
				CLANG_WARN_BLOCK_CAPTURE_AUTORELEASING = YES;
				CLANG_WARN_BOOL_CONVERSION = YES;
				CLANG_WARN_COMMA = YES;
				CLANG_WARN_CONSTANT_CONVERSION = YES;
				CLANG_WARN_DEPRECATED_OBJC_IMPLEMENTATIONS = YES;
				CLANG_WARN_DIRECT_OBJC_ISA_USAGE = YES_ERROR;
				CLANG_WARN_DOCUMENTATION_COMMENTS = YES;
				CLANG_WARN_EMPTY_BODY = YES;
				CLANG_WARN_ENUM_CONVERSION = YES;
				CLANG_WARN_INFINITE_RECURSION = YES;
				CLANG_WARN_INT_CONVERSION = YES;
				CLANG_WARN_NON_LITERAL_NULL_CONVERSION = YES;
				CLANG_WARN_OBJC_IMPLICIT_RETAIN_SELF = YES;
				CLANG_WARN_OBJC_LITERAL_CONVERSION = YES;
				CLANG_WARN_OBJC_ROOT_CLASS = YES_ERROR;
				CLANG_WARN_QUOTED_INCLUDE_IN_FRAMEWORK_HEADER = YES;
				CLANG_WARN_RANGE_LOOP_ANALYSIS = YES;
				CLANG_WARN_STRICT_PROTOTYPES = YES;
				CLANG_WARN_SUSPICIOUS_MOVE = YES;
				CLANG_WARN_UNGUARDED_AVAILABILITY = YES_AGGRESSIVE;
				CLANG_WARN_UNREACHABLE_CODE = YES;
				CLANG_WARN__DUPLICATE_METHOD_MATCH = YES;
				COPY_PHASE_STRIP = NO;
				DEBUG_INFORMATION_FORMAT = dwarf;
				ENABLE_STRICT_OBJC_MSGSEND = YES;
				ENABLE_TESTABILITY = YES;
				GCC_C_LANGUAGE_STANDARD = gnu11;
				GCC_DYNAMIC_NO_PIC = NO;
				GCC_NO_COMMON_BLOCKS = YES;
				GCC_OPTIMIZATION_LEVEL = 0;
				GCC_PREPROCESSOR_DEFINITIONS = (
					"DEBUG=1",
					"$(inherited)",
				);
				GCC_WARN_64_TO_32_BIT_CONVERSION = YES;
				GCC_WARN_ABOUT_RETURN_TYPE = YES_ERROR;
				GCC_WARN_UNDECLARED_SELECTOR = YES;
				GCC_WARN_UNINITIALIZED_AUTOS = YES_AGGRESSIVE;
				GCC_WARN_UNUSED_FUNCTION = YES;
				GCC_WARN_UNUSED_VARIABLE = YES;
				IPHONEOS_DEPLOYMENT_TARGET = 16.2;
				MTL_ENABLE_DEBUG_INFO = INCLUDE_SOURCE;
				MTL_FAST_MATH = YES;
				ONLY_ACTIVE_ARCH = YES;
				SDKROOT = iphoneos;
				SWIFT_ACTIVE_COMPILATION_CONDITIONS = DEBUG;
				SWIFT_OPTIMIZATION_LEVEL = "-Onone";
			};
			name = Debug;
		};
		A1FFE62C29BA1B2E008C1140 /* Release */ = {
			isa = XCBuildConfiguration;
			buildSettings = {
				ALWAYS_SEARCH_USER_PATHS = NO;
				CLANG_ANALYZER_NONNULL = YES;
				CLANG_ANALYZER_NUMBER_OBJECT_CONVERSION = YES_AGGRESSIVE;
				CLANG_CXX_LANGUAGE_STANDARD = "gnu++20";
				CLANG_ENABLE_MODULES = YES;
				CLANG_ENABLE_OBJC_ARC = YES;
				CLANG_ENABLE_OBJC_WEAK = YES;
				CLANG_WARN_BLOCK_CAPTURE_AUTORELEASING = YES;
				CLANG_WARN_BOOL_CONVERSION = YES;
				CLANG_WARN_COMMA = YES;
				CLANG_WARN_CONSTANT_CONVERSION = YES;
				CLANG_WARN_DEPRECATED_OBJC_IMPLEMENTATIONS = YES;
				CLANG_WARN_DIRECT_OBJC_ISA_USAGE = YES_ERROR;
				CLANG_WARN_DOCUMENTATION_COMMENTS = YES;
				CLANG_WARN_EMPTY_BODY = YES;
				CLANG_WARN_ENUM_CONVERSION = YES;
				CLANG_WARN_INFINITE_RECURSION = YES;
				CLANG_WARN_INT_CONVERSION = YES;
				CLANG_WARN_NON_LITERAL_NULL_CONVERSION = YES;
				CLANG_WARN_OBJC_IMPLICIT_RETAIN_SELF = YES;
				CLANG_WARN_OBJC_LITERAL_CONVERSION = YES;
				CLANG_WARN_OBJC_ROOT_CLASS = YES_ERROR;
				CLANG_WARN_QUOTED_INCLUDE_IN_FRAMEWORK_HEADER = YES;
				CLANG_WARN_RANGE_LOOP_ANALYSIS = YES;
				CLANG_WARN_STRICT_PROTOTYPES = YES;
				CLANG_WARN_SUSPICIOUS_MOVE = YES;
				CLANG_WARN_UNGUARDED_AVAILABILITY = YES_AGGRESSIVE;
				CLANG_WARN_UNREACHABLE_CODE = YES;
				CLANG_WARN__DUPLICATE_METHOD_MATCH = YES;
				COPY_PHASE_STRIP = NO;
				DEBUG_INFORMATION_FORMAT = "dwarf-with-dsym";
				ENABLE_NS_ASSERTIONS = NO;
				ENABLE_STRICT_OBJC_MSGSEND = YES;
				GCC_C_LANGUAGE_STANDARD = gnu11;
				GCC_NO_COMMON_BLOCKS = YES;
				GCC_WARN_64_TO_32_BIT_CONVERSION = YES;
				GCC_WARN_ABOUT_RETURN_TYPE = YES_ERROR;
				GCC_WARN_UNDECLARED_SELECTOR = YES;
				GCC_WARN_UNINITIALIZED_AUTOS = YES_AGGRESSIVE;
				GCC_WARN_UNUSED_FUNCTION = YES;
				GCC_WARN_UNUSED_VARIABLE = YES;
				IPHONEOS_DEPLOYMENT_TARGET = 16.2;
				MTL_ENABLE_DEBUG_INFO = NO;
				MTL_FAST_MATH = YES;
				SDKROOT = iphoneos;
				SWIFT_COMPILATION_MODE = wholemodule;
				SWIFT_OPTIMIZATION_LEVEL = "-O";
				VALIDATE_PRODUCT = YES;
			};
			name = Release;
		};
		A1FFE62E29BA1B2E008C1140 /* Debug */ = {
			isa = XCBuildConfiguration;
			buildSettings = {
				ASSETCATALOG_COMPILER_APPICON_NAME = AppIcon;
				ASSETCATALOG_COMPILER_GLOBAL_ACCENT_COLOR_NAME = AccentColor;
				CODE_SIGN_STYLE = Automatic;
				CURRENT_PROJECT_VERSION = 1;
				DEVELOPMENT_TEAM = 89KWNTDL3X;
				GENERATE_INFOPLIST_FILE = YES;
				INFOPLIST_FILE = "listeleme uygulaması/Info.plist";
				INFOPLIST_KEY_UIApplicationSupportsIndirectInputEvents = YES;
				INFOPLIST_KEY_UILaunchStoryboardName = LaunchScreen;
				INFOPLIST_KEY_UIMainStoryboardFile = Main;
				INFOPLIST_KEY_UISupportedInterfaceOrientations_iPad = "UIInterfaceOrientationPortrait UIInterfaceOrientationPortraitUpsideDown UIInterfaceOrientationLandscapeLeft UIInterfaceOrientationLandscapeRight";
				INFOPLIST_KEY_UISupportedInterfaceOrientations_iPhone = "UIInterfaceOrientationPortrait UIInterfaceOrientationLandscapeLeft UIInterfaceOrientationLandscapeRight";
				LD_RUNPATH_SEARCH_PATHS = (
					"$(inherited)",
					"@executable_path/Frameworks",
				);
				MARKETING_VERSION = 1.0;
				PRODUCT_BUNDLE_IDENTIFIER = "yasinagbulut1.listeleme-uygulamas-";
				PRODUCT_NAME = "$(TARGET_NAME)";
				SWIFT_EMIT_LOC_STRINGS = YES;
				SWIFT_VERSION = 5.0;
				TARGETED_DEVICE_FAMILY = "1,2";
			};
			name = Debug;
		};
		A1FFE62F29BA1B2E008C1140 /* Release */ = {
			isa = XCBuildConfiguration;
			buildSettings = {
				ASSETCATALOG_COMPILER_APPICON_NAME = AppIcon;
				ASSETCATALOG_COMPILER_GLOBAL_ACCENT_COLOR_NAME = AccentColor;
				CODE_SIGN_STYLE = Automatic;
				CURRENT_PROJECT_VERSION = 1;
				DEVELOPMENT_TEAM = 89KWNTDL3X;
				GENERATE_INFOPLIST_FILE = YES;
				INFOPLIST_FILE = "listeleme uygulaması/Info.plist";
				INFOPLIST_KEY_UIApplicationSupportsIndirectInputEvents = YES;
				INFOPLIST_KEY_UILaunchStoryboardName = LaunchScreen;
				INFOPLIST_KEY_UIMainStoryboardFile = Main;
				INFOPLIST_KEY_UISupportedInterfaceOrientations_iPad = "UIInterfaceOrientationPortrait UIInterfaceOrientationPortraitUpsideDown UIInterfaceOrientationLandscapeLeft UIInterfaceOrientationLandscapeRight";
				INFOPLIST_KEY_UISupportedInterfaceOrientations_iPhone = "UIInterfaceOrientationPortrait UIInterfaceOrientationLandscapeLeft UIInterfaceOrientationLandscapeRight";
				LD_RUNPATH_SEARCH_PATHS = (
					"$(inherited)",
					"@executable_path/Frameworks",
				);
				MARKETING_VERSION = 1.0;
				PRODUCT_BUNDLE_IDENTIFIER = "yasinagbulut1.listeleme-uygulamas-";
				PRODUCT_NAME = "$(TARGET_NAME)";
				SWIFT_EMIT_LOC_STRINGS = YES;
				SWIFT_VERSION = 5.0;
				TARGETED_DEVICE_FAMILY = "1,2";
			};
			name = Release;
		};
/* End XCBuildConfiguration section */

/* Begin XCConfigurationList section */
		A1FFE61129BA1B2D008C1140 /* Build configuration list for PBXProject "listeleme uygulaması" */ = {
			isa = XCConfigurationList;
			buildConfigurations = (
				A1FFE62B29BA1B2E008C1140 /* Debug */,
				A1FFE62C29BA1B2E008C1140 /* Release */,
			);
			defaultConfigurationIsVisible = 0;
			defaultConfigurationName = Release;
		};
		A1FFE62D29BA1B2E008C1140 /* Build configuration list for PBXNativeTarget "listeleme uygulaması" */ = {
			isa = XCConfigurationList;
			buildConfigurations = (
				A1FFE62E29BA1B2E008C1140 /* Debug */,
				A1FFE62F29BA1B2E008C1140 /* Release */,
			);
			defaultConfigurationIsVisible = 0;
			defaultConfigurationName = Release;
		};
/* End XCConfigurationList section */

/* Begin XCVersionGroup section */
		A1FFE62229BA1B2D008C1140 /* listeleme_uygulamas_.xcdatamodeld */ = {
			isa = XCVersionGroup;
			children = (
				A1FFE62329BA1B2D008C1140 /* listeleme_uygulamas_.xcdatamodel */,
			);
			currentVersion = A1FFE62329BA1B2D008C1140 /* listeleme_uygulamas_.xcdatamodel */;
			path = listeleme_uygulamas_.xcdatamodeld;
			sourceTree = "<group>";
			versionGroupType = wrapper.xcdatamodel;
		};
/* End XCVersionGroup section */
	};
	rootObject = A1FFE60E29BA1B2D008C1140 /* Project object */;
}
